// !$*UTF8*$!
{
	archiveVersion = 1;
	classes = {
	};
	objectVersion = 46;
	objects = {

/* Begin PBXBuildFile section */
		D013A6591E0A2A5100849A06 /* EditViewController.swift in Sources */ = {isa = PBXBuildFile; fileRef = D013A6581E0A2A5100849A06 /* EditViewController.swift */; };
		D05A2EED1DFE2EA4006B9FC3 /* AppDelegate.swift in Sources */ = {isa = PBXBuildFile; fileRef = D05A2EEC1DFE2EA4006B9FC3 /* AppDelegate.swift */; };
		D05A2EEF1DFE2EA4006B9FC3 /* MapViewController.swift in Sources */ = {isa = PBXBuildFile; fileRef = D05A2EEE1DFE2EA4006B9FC3 /* MapViewController.swift */; };
		D05A2EF21DFE2EA4006B9FC3 /* Main.storyboard in Resources */ = {isa = PBXBuildFile; fileRef = D05A2EF01DFE2EA4006B9FC3 /* Main.storyboard */; };
		D05A2EF41DFE2EA4006B9FC3 /* Assets.xcassets in Resources */ = {isa = PBXBuildFile; fileRef = D05A2EF31DFE2EA4006B9FC3 /* Assets.xcassets */; };
		D05A2EF71DFE2EA4006B9FC3 /* LaunchScreen.storyboard in Resources */ = {isa = PBXBuildFile; fileRef = D05A2EF51DFE2EA4006B9FC3 /* LaunchScreen.storyboard */; };
		D05A2F021DFE2EA4006B9FC3 /* OnTheMapTests.swift in Sources */ = {isa = PBXBuildFile; fileRef = D05A2F011DFE2EA4006B9FC3 /* OnTheMapTests.swift */; };
		D05A2F0D1DFE2EA4006B9FC3 /* OnTheMapUITests.swift in Sources */ = {isa = PBXBuildFile; fileRef = D05A2F0C1DFE2EA4006B9FC3 /* OnTheMapUITests.swift */; };
		D05A2F1F1DFE3DD5006B9FC3 /* LoginController.swift in Sources */ = {isa = PBXBuildFile; fileRef = D05A2F1E1DFE3DD5006B9FC3 /* LoginController.swift */; };
		D05A2F221DFE3FAB006B9FC3 /* MapKit.framework in Frameworks */ = {isa = PBXBuildFile; fileRef = D05A2F211DFE3FAB006B9FC3 /* MapKit.framework */; };
		D05A2F261DFE450E006B9FC3 /* Constants.swift in Sources */ = {isa = PBXBuildFile; fileRef = D05A2F251DFE450E006B9FC3 /* Constants.swift */; };
		D05A2F2C1DFE4B02006B9FC3 /* ParseClient.swift in Sources */ = {isa = PBXBuildFile; fileRef = D05A2F2B1DFE4B02006B9FC3 /* ParseClient.swift */; };
		D05A2F2E1DFE4B19006B9FC3 /* ParseConstants.swift in Sources */ = {isa = PBXBuildFile; fileRef = D05A2F2D1DFE4B19006B9FC3 /* ParseConstants.swift */; };
		D05A2F301DFE519F006B9FC3 /* User.swift in Sources */ = {isa = PBXBuildFile; fileRef = D05A2F2F1DFE519F006B9FC3 /* User.swift */; };
		D05A2F321DFE7088006B9FC3 /* ParseConvenience.swift in Sources */ = {isa = PBXBuildFile; fileRef = D05A2F311DFE7088006B9FC3 /* ParseConvenience.swift */; };
		D05A2F341DFF3702006B9FC3 /* GCD.swift in Sources */ = {isa = PBXBuildFile; fileRef = D05A2F331DFF3702006B9FC3 /* GCD.swift */; };
		D05A2F3A1E012B25006B9FC3 /* TableViewController.swift in Sources */ = {isa = PBXBuildFile; fileRef = D05A2F391E012B25006B9FC3 /* TableViewController.swift */; };
		D06F92741E235049008CC880 /* FBSDKCoreKit.framework in Frameworks */ = {isa = PBXBuildFile; fileRef = D06F92731E235049008CC880 /* FBSDKCoreKit.framework */; };
		D06F92761E235064008CC880 /* FBSDKLoginKit.framework in Frameworks */ = {isa = PBXBuildFile; fileRef = D06F92751E235064008CC880 /* FBSDKLoginKit.framework */; };
		D06F92781E235077008CC880 /* Bolts.framework in Frameworks */ = {isa = PBXBuildFile; fileRef = D06F92771E235077008CC880 /* Bolts.framework */; };
		D06F927A1E23509D008CC880 /* FBSDKShareKit.framework in Frameworks */ = {isa = PBXBuildFile; fileRef = D06F92791E23509D008CC880 /* FBSDKShareKit.framework */; };
		D0CE89581E130124000492A2 /* DismissViewProtocol.swift in Sources */ = {isa = PBXBuildFile; fileRef = D0CE89571E130124000492A2 /* DismissViewProtocol.swift */; };
/* End PBXBuildFile section */

/* Begin PBXContainerItemProxy section */
		D05A2EFE1DFE2EA4006B9FC3 /* PBXContainerItemProxy */ = {
			isa = PBXContainerItemProxy;
			containerPortal = D05A2EE11DFE2EA3006B9FC3 /* Project object */;
			proxyType = 1;
			remoteGlobalIDString = D05A2EE81DFE2EA4006B9FC3;
			remoteInfo = OnTheMap;
		};
		D05A2F091DFE2EA4006B9FC3 /* PBXContainerItemProxy */ = {
			isa = PBXContainerItemProxy;
			containerPortal = D05A2EE11DFE2EA3006B9FC3 /* Project object */;
			proxyType = 1;
			remoteGlobalIDString = D05A2EE81DFE2EA4006B9FC3;
			remoteInfo = OnTheMap;
		};
/* End PBXContainerItemProxy section */

/* Begin PBXFileReference section */
		D013A6581E0A2A5100849A06 /* EditViewController.swift */ = {isa = PBXFileReference; fileEncoding = 4; lastKnownFileType = sourcecode.swift; path = EditViewController.swift; sourceTree = "<group>"; };
		D05A2EE91DFE2EA4006B9FC3 /* OnTheMap.app */ = {isa = PBXFileReference; explicitFileType = wrapper.application; includeInIndex = 0; path = OnTheMap.app; sourceTree = BUILT_PRODUCTS_DIR; };
		D05A2EEC1DFE2EA4006B9FC3 /* AppDelegate.swift */ = {isa = PBXFileReference; lastKnownFileType = sourcecode.swift; path = AppDelegate.swift; sourceTree = "<group>"; };
		D05A2EEE1DFE2EA4006B9FC3 /* MapViewController.swift */ = {isa = PBXFileReference; lastKnownFileType = sourcecode.swift; path = MapViewController.swift; sourceTree = "<group>"; };
		D05A2EF11DFE2EA4006B9FC3 /* Base */ = {isa = PBXFileReference; lastKnownFileType = file.storyboard; name = Base; path = Base.lproj/Main.storyboard; sourceTree = "<group>"; };
		D05A2EF31DFE2EA4006B9FC3 /* Assets.xcassets */ = {isa = PBXFileReference; lastKnownFileType = folder.assetcatalog; path = Assets.xcassets; sourceTree = "<group>"; };
		D05A2EF61DFE2EA4006B9FC3 /* Base */ = {isa = PBXFileReference; lastKnownFileType = file.storyboard; name = Base; path = Base.lproj/LaunchScreen.storyboard; sourceTree = "<group>"; };
		D05A2EF81DFE2EA4006B9FC3 /* Info.plist */ = {isa = PBXFileReference; lastKnownFileType = text.plist.xml; path = Info.plist; sourceTree = "<group>"; };
		D05A2EFD1DFE2EA4006B9FC3 /* OnTheMapTests.xctest */ = {isa = PBXFileReference; explicitFileType = wrapper.cfbundle; includeInIndex = 0; path = OnTheMapTests.xctest; sourceTree = BUILT_PRODUCTS_DIR; };
		D05A2F011DFE2EA4006B9FC3 /* OnTheMapTests.swift */ = {isa = PBXFileReference; lastKnownFileType = sourcecode.swift; path = OnTheMapTests.swift; sourceTree = "<group>"; };
		D05A2F031DFE2EA4006B9FC3 /* Info.plist */ = {isa = PBXFileReference; lastKnownFileType = text.plist.xml; path = Info.plist; sourceTree = "<group>"; };
		D05A2F081DFE2EA4006B9FC3 /* OnTheMapUITests.xctest */ = {isa = PBXFileReference; explicitFileType = wrapper.cfbundle; includeInIndex = 0; path = OnTheMapUITests.xctest; sourceTree = BUILT_PRODUCTS_DIR; };
		D05A2F0C1DFE2EA4006B9FC3 /* OnTheMapUITests.swift */ = {isa = PBXFileReference; lastKnownFileType = sourcecode.swift; path = OnTheMapUITests.swift; sourceTree = "<group>"; };
		D05A2F0E1DFE2EA4006B9FC3 /* Info.plist */ = {isa = PBXFileReference; lastKnownFileType = text.plist.xml; path = Info.plist; sourceTree = "<group>"; };
		D05A2F1E1DFE3DD5006B9FC3 /* LoginController.swift */ = {isa = PBXFileReference; fileEncoding = 4; lastKnownFileType = sourcecode.swift; path = LoginController.swift; sourceTree = "<group>"; };
		D05A2F211DFE3FAB006B9FC3 /* MapKit.framework */ = {isa = PBXFileReference; lastKnownFileType = wrapper.framework; name = MapKit.framework; path = System/Library/Frameworks/MapKit.framework; sourceTree = SDKROOT; };
		D05A2F251DFE450E006B9FC3 /* Constants.swift */ = {isa = PBXFileReference; fileEncoding = 4; lastKnownFileType = sourcecode.swift; path = Constants.swift; sourceTree = "<group>"; };
		D05A2F2B1DFE4B02006B9FC3 /* ParseClient.swift */ = {isa = PBXFileReference; fileEncoding = 4; lastKnownFileType = sourcecode.swift; path = ParseClient.swift; sourceTree = "<group>"; };
		D05A2F2D1DFE4B19006B9FC3 /* ParseConstants.swift */ = {isa = PBXFileReference; fileEncoding = 4; lastKnownFileType = sourcecode.swift; path = ParseConstants.swift; sourceTree = "<group>"; };
		D05A2F2F1DFE519F006B9FC3 /* User.swift */ = {isa = PBXFileReference; fileEncoding = 4; lastKnownFileType = sourcecode.swift; path = User.swift; sourceTree = "<group>"; };
		D05A2F311DFE7088006B9FC3 /* ParseConvenience.swift */ = {isa = PBXFileReference; fileEncoding = 4; lastKnownFileType = sourcecode.swift; path = ParseConvenience.swift; sourceTree = "<group>"; };
		D05A2F331DFF3702006B9FC3 /* GCD.swift */ = {isa = PBXFileReference; fileEncoding = 4; lastKnownFileType = sourcecode.swift; path = GCD.swift; sourceTree = "<group>"; };
		D05A2F391E012B25006B9FC3 /* TableViewController.swift */ = {isa = PBXFileReference; fileEncoding = 4; lastKnownFileType = sourcecode.swift; path = TableViewController.swift; sourceTree = "<group>"; };
		D06F92731E235049008CC880 /* FBSDKCoreKit.framework */ = {isa = PBXFileReference; lastKnownFileType = wrapper.framework; path = FBSDKCoreKit.framework; sourceTree = "<group>"; };
		D06F92751E235064008CC880 /* FBSDKLoginKit.framework */ = {isa = PBXFileReference; lastKnownFileType = wrapper.framework; path = FBSDKLoginKit.framework; sourceTree = "<group>"; };
		D06F92771E235077008CC880 /* Bolts.framework */ = {isa = PBXFileReference; lastKnownFileType = wrapper.framework; path = Bolts.framework; sourceTree = "<group>"; };
		D06F92791E23509D008CC880 /* FBSDKShareKit.framework */ = {isa = PBXFileReference; lastKnownFileType = wrapper.framework; path = FBSDKShareKit.framework; sourceTree = "<group>"; };
		D0CE89571E130124000492A2 /* DismissViewProtocol.swift */ = {isa = PBXFileReference; fileEncoding = 4; lastKnownFileType = sourcecode.swift; path = DismissViewProtocol.swift; sourceTree = "<group>"; };
/* End PBXFileReference section */

/* Begin PBXFrameworksBuildPhase section */
		D05A2EE61DFE2EA4006B9FC3 /* Frameworks */ = {
			isa = PBXFrameworksBuildPhase;
			buildActionMask = 2147483647;
			files = (
				D05A2F221DFE3FAB006B9FC3 /* MapKit.framework in Frameworks */,
				D06F92741E235049008CC880 /* FBSDKCoreKit.framework in Frameworks */,
				D06F927A1E23509D008CC880 /* FBSDKShareKit.framework in Frameworks */,
				D06F92761E235064008CC880 /* FBSDKLoginKit.framework in Frameworks */,
				D06F92781E235077008CC880 /* Bolts.framework in Frameworks */,
			);
			runOnlyForDeploymentPostprocessing = 0;
		};
		D05A2EFA1DFE2EA4006B9FC3 /* Frameworks */ = {
			isa = PBXFrameworksBuildPhase;
			buildActionMask = 2147483647;
			files = (
			);
			runOnlyForDeploymentPostprocessing = 0;
		};
		D05A2F051DFE2EA4006B9FC3 /* Frameworks */ = {
			isa = PBXFrameworksBuildPhase;
			buildActionMask = 2147483647;
			files = (
			);
			runOnlyForDeploymentPostprocessing = 0;
		};
/* End PBXFrameworksBuildPhase section */

/* Begin PBXGroup section */
		D05A2EE01DFE2EA3006B9FC3 = {
			isa = PBXGroup;
			children = (
				D05A2EEB1DFE2EA4006B9FC3 /* OnTheMap */,
				D05A2F001DFE2EA4006B9FC3 /* OnTheMapTests */,
				D05A2F0B1DFE2EA4006B9FC3 /* OnTheMapUITests */,
				D05A2EEA1DFE2EA4006B9FC3 /* Products */,
				D05A2F201DFE3FAB006B9FC3 /* Frameworks */,
			);
			sourceTree = "<group>";
		};
		D05A2EEA1DFE2EA4006B9FC3 /* Products */ = {
			isa = PBXGroup;
			children = (
				D05A2EE91DFE2EA4006B9FC3 /* OnTheMap.app */,
				D05A2EFD1DFE2EA4006B9FC3 /* OnTheMapTests.xctest */,
				D05A2F081DFE2EA4006B9FC3 /* OnTheMapUITests.xctest */,
			);
			name = Products;
			sourceTree = "<group>";
		};
		D05A2EEB1DFE2EA4006B9FC3 /* OnTheMap */ = {
			isa = PBXGroup;
			children = (
				D05A2EEC1DFE2EA4006B9FC3 /* AppDelegate.swift */,
				D05A2F331DFF3702006B9FC3 /* GCD.swift */,
				D05A2F291DFE475B006B9FC3 /* Assets */,
				D05A2F231DFE44BB006B9FC3 /* Controllers */,
				D05A2F241DFE44E2006B9FC3 /* Models */,
				D05A2F2A1DFE4770006B9FC3 /* Supporting Files */,
			);
			path = OnTheMap;
			sourceTree = "<group>";
		};
		D05A2F001DFE2EA4006B9FC3 /* OnTheMapTests */ = {
			isa = PBXGroup;
			children = (
				D05A2F011DFE2EA4006B9FC3 /* OnTheMapTests.swift */,
				D05A2F031DFE2EA4006B9FC3 /* Info.plist */,
			);
			path = OnTheMapTests;
			sourceTree = "<group>";
		};
		D05A2F0B1DFE2EA4006B9FC3 /* OnTheMapUITests */ = {
			isa = PBXGroup;
			children = (
				D05A2F0C1DFE2EA4006B9FC3 /* OnTheMapUITests.swift */,
				D05A2F0E1DFE2EA4006B9FC3 /* Info.plist */,
			);
			path = OnTheMapUITests;
			sourceTree = "<group>";
		};
		D05A2F201DFE3FAB006B9FC3 /* Frameworks */ = {
			isa = PBXGroup;
			children = (
				D06F92791E23509D008CC880 /* FBSDKShareKit.framework */,
				D06F92771E235077008CC880 /* Bolts.framework */,
				D06F92751E235064008CC880 /* FBSDKLoginKit.framework */,
				D06F92731E235049008CC880 /* FBSDKCoreKit.framework */,
				D05A2F211DFE3FAB006B9FC3 /* MapKit.framework */,
			);
			name = Frameworks;
			sourceTree = "<group>";
		};
		D05A2F231DFE44BB006B9FC3 /* Controllers */ = {
			isa = PBXGroup;
			children = (
				D05A2EEE1DFE2EA4006B9FC3 /* MapViewController.swift */,
				D05A2F1E1DFE3DD5006B9FC3 /* LoginController.swift */,
				D05A2F391E012B25006B9FC3 /* TableViewController.swift */,
				D013A6581E0A2A5100849A06 /* EditViewController.swift */,
				D0CE89571E130124000492A2 /* DismissViewProtocol.swift */,
			);
			name = Controllers;
			sourceTree = "<group>";
		};
		D05A2F241DFE44E2006B9FC3 /* Models */ = {
			isa = PBXGroup;
			children = (
				D05A2F271DFE4739006B9FC3 /* Clients */,
			);
			name = Models;
			sourceTree = "<group>";
		};
		D05A2F271DFE4739006B9FC3 /* Clients */ = {
			isa = PBXGroup;
			children = (
				D05A2F281DFE4747006B9FC3 /* Parse */,
			);
			name = Clients;
			sourceTree = "<group>";
		};
		D05A2F281DFE4747006B9FC3 /* Parse */ = {
			isa = PBXGroup;
			children = (
				D05A2F2B1DFE4B02006B9FC3 /* ParseClient.swift */,
				D05A2F2D1DFE4B19006B9FC3 /* ParseConstants.swift */,
				D05A2F311DFE7088006B9FC3 /* ParseConvenience.swift */,
				D05A2F2F1DFE519F006B9FC3 /* User.swift */,
			);
			name = Parse;
			sourceTree = "<group>";
		};
		D05A2F291DFE475B006B9FC3 /* Assets */ = {
			isa = PBXGroup;
			children = (
				D05A2F251DFE450E006B9FC3 /* Constants.swift */,
				D05A2EF31DFE2EA4006B9FC3 /* Assets.xcassets */,
				D05A2EF01DFE2EA4006B9FC3 /* Main.storyboard */,
				D05A2EF51DFE2EA4006B9FC3 /* LaunchScreen.storyboard */,
			);
			name = Assets;
			sourceTree = "<group>";
		};
		D05A2F2A1DFE4770006B9FC3 /* Supporting Files */ = {
			isa = PBXGroup;
			children = (
				D05A2EF81DFE2EA4006B9FC3 /* Info.plist */,
			);
			name = "Supporting Files";
			sourceTree = "<group>";
		};
/* End PBXGroup section */

/* Begin PBXNativeTarget section */
		D05A2EE81DFE2EA4006B9FC3 /* OnTheMap */ = {
			isa = PBXNativeTarget;
			buildConfigurationList = D05A2F111DFE2EA4006B9FC3 /* Build configuration list for PBXNativeTarget "OnTheMap" */;
			buildPhases = (
				D05A2EE51DFE2EA4006B9FC3 /* Sources */,
				D05A2EE61DFE2EA4006B9FC3 /* Frameworks */,
				D05A2EE71DFE2EA4006B9FC3 /* Resources */,
			);
			buildRules = (
			);
			dependencies = (
			);
			name = OnTheMap;
			productName = OnTheMap;
			productReference = D05A2EE91DFE2EA4006B9FC3 /* OnTheMap.app */;
			productType = "com.apple.product-type.application";
		};
		D05A2EFC1DFE2EA4006B9FC3 /* OnTheMapTests */ = {
			isa = PBXNativeTarget;
			buildConfigurationList = D05A2F141DFE2EA4006B9FC3 /* Build configuration list for PBXNativeTarget "OnTheMapTests" */;
			buildPhases = (
				D05A2EF91DFE2EA4006B9FC3 /* Sources */,
				D05A2EFA1DFE2EA4006B9FC3 /* Frameworks */,
				D05A2EFB1DFE2EA4006B9FC3 /* Resources */,
			);
			buildRules = (
			);
			dependencies = (
				D05A2EFF1DFE2EA4006B9FC3 /* PBXTargetDependency */,
			);
			name = OnTheMapTests;
			productName = OnTheMapTests;
			productReference = D05A2EFD1DFE2EA4006B9FC3 /* OnTheMapTests.xctest */;
			productType = "com.apple.product-type.bundle.unit-test";
		};
		D05A2F071DFE2EA4006B9FC3 /* OnTheMapUITests */ = {
			isa = PBXNativeTarget;
			buildConfigurationList = D05A2F171DFE2EA4006B9FC3 /* Build configuration list for PBXNativeTarget "OnTheMapUITests" */;
			buildPhases = (
				D05A2F041DFE2EA4006B9FC3 /* Sources */,
				D05A2F051DFE2EA4006B9FC3 /* Frameworks */,
				D05A2F061DFE2EA4006B9FC3 /* Resources */,
			);
			buildRules = (
			);
			dependencies = (
				D05A2F0A1DFE2EA4006B9FC3 /* PBXTargetDependency */,
			);
			name = OnTheMapUITests;
			productName = OnTheMapUITests;
			productReference = D05A2F081DFE2EA4006B9FC3 /* OnTheMapUITests.xctest */;
			productType = "com.apple.product-type.bundle.ui-testing";
		};
/* End PBXNativeTarget section */

/* Begin PBXProject section */
		D05A2EE11DFE2EA3006B9FC3 /* Project object */ = {
			isa = PBXProject;
			attributes = {
				LastSwiftUpdateCheck = 0810;
				LastUpgradeCheck = 0810;
				ORGANIZATIONNAME = MobileApps;
				TargetAttributes = {
					D05A2EE81DFE2EA4006B9FC3 = {
						CreatedOnToolsVersion = 8.1;
						DevelopmentTeam = ES62S6N6LH;
						ProvisioningStyle = Automatic;
						SystemCapabilities = {
							com.apple.Maps.iOS = {
								enabled = 0;
							};
						};
					};
					D05A2EFC1DFE2EA4006B9FC3 = {
						CreatedOnToolsVersion = 8.1;
						ProvisioningStyle = Automatic;
						TestTargetID = D05A2EE81DFE2EA4006B9FC3;
					};
					D05A2F071DFE2EA4006B9FC3 = {
						CreatedOnToolsVersion = 8.1;
						ProvisioningStyle = Automatic;
						TestTargetID = D05A2EE81DFE2EA4006B9FC3;
					};
				};
			};
			buildConfigurationList = D05A2EE41DFE2EA3006B9FC3 /* Build configuration list for PBXProject "OnTheMap" */;
			compatibilityVersion = "Xcode 3.2";
			developmentRegion = English;
			hasScannedForEncodings = 0;
			knownRegions = (
				en,
				Base,
			);
			mainGroup = D05A2EE01DFE2EA3006B9FC3;
			productRefGroup = D05A2EEA1DFE2EA4006B9FC3 /* Products */;
			projectDirPath = "";
			projectRoot = "";
			targets = (
				D05A2EE81DFE2EA4006B9FC3 /* OnTheMap */,
				D05A2EFC1DFE2EA4006B9FC3 /* OnTheMapTests */,
				D05A2F071DFE2EA4006B9FC3 /* OnTheMapUITests */,
			);
		};
/* End PBXProject section */

/* Begin PBXResourcesBuildPhase section */
		D05A2EE71DFE2EA4006B9FC3 /* Resources */ = {
			isa = PBXResourcesBuildPhase;
			buildActionMask = 2147483647;
			files = (
				D05A2EF71DFE2EA4006B9FC3 /* LaunchScreen.storyboard in Resources */,
				D05A2EF41DFE2EA4006B9FC3 /* Assets.xcassets in Resources */,
				D05A2EF21DFE2EA4006B9FC3 /* Main.storyboard in Resources */,
			);
			runOnlyForDeploymentPostprocessing = 0;
		};
		D05A2EFB1DFE2EA4006B9FC3 /* Resources */ = {
			isa = PBXResourcesBuildPhase;
			buildActionMask = 2147483647;
			files = (
			);
			runOnlyForDeploymentPostprocessing = 0;
		};
		D05A2F061DFE2EA4006B9FC3 /* Resources */ = {
			isa = PBXResourcesBuildPhase;
			buildActionMask = 2147483647;
			files = (
			);
			runOnlyForDeploymentPostprocessing = 0;
		};
/* End PBXResourcesBuildPhase section */

/* Begin PBXSourcesBuildPhase section */
		D05A2EE51DFE2EA4006B9FC3 /* Sources */ = {
			isa = PBXSourcesBuildPhase;
			buildActionMask = 2147483647;
			files = (
				D05A2F2E1DFE4B19006B9FC3 /* ParseConstants.swift in Sources */,
				D05A2F321DFE7088006B9FC3 /* ParseConvenience.swift in Sources */,
				D05A2EEF1DFE2EA4006B9FC3 /* MapViewController.swift in Sources */,
				D05A2F3A1E012B25006B9FC3 /* TableViewController.swift in Sources */,
				D05A2F2C1DFE4B02006B9FC3 /* ParseClient.swift in Sources */,
				D0CE89581E130124000492A2 /* DismissViewProtocol.swift in Sources */,
				D05A2F1F1DFE3DD5006B9FC3 /* LoginController.swift in Sources */,
				D05A2EED1DFE2EA4006B9FC3 /* AppDelegate.swift in Sources */,
				D05A2F341DFF3702006B9FC3 /* GCD.swift in Sources */,
				D05A2F261DFE450E006B9FC3 /* Constants.swift in Sources */,
				D013A6591E0A2A5100849A06 /* EditViewController.swift in Sources */,
				D05A2F301DFE519F006B9FC3 /* User.swift in Sources */,
			);
			runOnlyForDeploymentPostprocessing = 0;
		};
		D05A2EF91DFE2EA4006B9FC3 /* Sources */ = {
			isa = PBXSourcesBuildPhase;
			buildActionMask = 2147483647;
			files = (
				D05A2F021DFE2EA4006B9FC3 /* OnTheMapTests.swift in Sources */,
			);
			runOnlyForDeploymentPostprocessing = 0;
		};
		D05A2F041DFE2EA4006B9FC3 /* Sources */ = {
			isa = PBXSourcesBuildPhase;
			buildActionMask = 2147483647;
			files = (
				D05A2F0D1DFE2EA4006B9FC3 /* OnTheMapUITests.swift in Sources */,
			);
			runOnlyForDeploymentPostprocessing = 0;
		};
/* End PBXSourcesBuildPhase section */

/* Begin PBXTargetDependency section */
		D05A2EFF1DFE2EA4006B9FC3 /* PBXTargetDependency */ = {
			isa = PBXTargetDependency;
			target = D05A2EE81DFE2EA4006B9FC3 /* OnTheMap */;
			targetProxy = D05A2EFE1DFE2EA4006B9FC3 /* PBXContainerItemProxy */;
		};
		D05A2F0A1DFE2EA4006B9FC3 /* PBXTargetDependency */ = {
			isa = PBXTargetDependency;
			target = D05A2EE81DFE2EA4006B9FC3 /* OnTheMap */;
			targetProxy = D05A2F091DFE2EA4006B9FC3 /* PBXContainerItemProxy */;
		};
/* End PBXTargetDependency section */

/* Begin PBXVariantGroup section */
		D05A2EF01DFE2EA4006B9FC3 /* Main.storyboard */ = {
			isa = PBXVariantGroup;
			children = (
				D05A2EF11DFE2EA4006B9FC3 /* Base */,
			);
			name = Main.storyboard;
			sourceTree = "<group>";
		};
		D05A2EF51DFE2EA4006B9FC3 /* LaunchScreen.storyboard */ = {
			isa = PBXVariantGroup;
			children = (
				D05A2EF61DFE2EA4006B9FC3 /* Base */,
			);
			name = LaunchScreen.storyboard;
			sourceTree = "<group>";
		};
/* End PBXVariantGroup section */

/* Begin XCBuildConfiguration section */
		D05A2F0F1DFE2EA4006B9FC3 /* Debug */ = {
			isa = XCBuildConfiguration;
			buildSettings = {
				ALWAYS_SEARCH_USER_PATHS = NO;
				CLANG_ANALYZER_NONNULL = YES;
				CLANG_CXX_LANGUAGE_STANDARD = "gnu++0x";
				CLANG_CXX_LIBRARY = "libc++";
				CLANG_ENABLE_MODULES = YES;
				CLANG_ENABLE_OBJC_ARC = YES;
				CLANG_WARN_BOOL_CONVERSION = YES;
				CLANG_WARN_CONSTANT_CONVERSION = YES;
				CLANG_WARN_DIRECT_OBJC_ISA_USAGE = YES_ERROR;
				CLANG_WARN_DOCUMENTATION_COMMENTS = YES;
				CLANG_WARN_EMPTY_BODY = YES;
				CLANG_WARN_ENUM_CONVERSION = YES;
				CLANG_WARN_INFINITE_RECURSION = YES;
				CLANG_WARN_INT_CONVERSION = YES;
				CLANG_WARN_OBJC_ROOT_CLASS = YES_ERROR;
				CLANG_WARN_SUSPICIOUS_MOVES = YES;
				CLANG_WARN_UNREACHABLE_CODE = YES;
				CLANG_WARN__DUPLICATE_METHOD_MATCH = YES;
				"CODE_SIGN_IDENTITY[sdk=iphoneos*]" = "iPhone Developer";
				COPY_PHASE_STRIP = NO;
				DEBUG_INFORMATION_FORMAT = dwarf;
				ENABLE_STRICT_OBJC_MSGSEND = YES;
				ENABLE_TESTABILITY = YES;
				GCC_C_LANGUAGE_STANDARD = gnu99;
				GCC_DYNAMIC_NO_PIC = NO;
				GCC_NO_COMMON_BLOCKS = YES;
				GCC_OPTIMIZATION_LEVEL = 0;
				GCC_PREPROCESSOR_DEFINITIONS = (
					"DEBUG=1",
					"$(inherited)",
				);
				GCC_WARN_64_TO_32_BIT_CONVERSION = YES;
				GCC_WARN_ABOUT_RETURN_TYPE = YES_ERROR;
				GCC_WARN_UNDECLARED_SELECTOR = YES;
				GCC_WARN_UNINITIALIZED_AUTOS = YES_AGGRESSIVE;
				GCC_WARN_UNUSED_FUNCTION = YES;
				GCC_WARN_UNUSED_VARIABLE = YES;
				IPHONEOS_DEPLOYMENT_TARGET = 10.1;
				MTL_ENABLE_DEBUG_INFO = YES;
				ONLY_ACTIVE_ARCH = YES;
				SDKROOT = iphoneos;
				SWIFT_ACTIVE_COMPILATION_CONDITIONS = DEBUG;
				SWIFT_OPTIMIZATION_LEVEL = "-Onone";
				TARGETED_DEVICE_FAMILY = "1,2";
			};
			name = Debug;
		};
		D05A2F101DFE2EA4006B9FC3 /* Release */ = {
			isa = XCBuildConfiguration;
			buildSettings = {
				ALWAYS_SEARCH_USER_PATHS = NO;
				CLANG_ANALYZER_NONNULL = YES;
				CLANG_CXX_LANGUAGE_STANDARD = "gnu++0x";
				CLANG_CXX_LIBRARY = "libc++";
				CLANG_ENABLE_MODULES = YES;
				CLANG_ENABLE_OBJC_ARC = YES;
				CLANG_WARN_BOOL_CONVERSION = YES;
				CLANG_WARN_CONSTANT_CONVERSION = YES;
				CLANG_WARN_DIRECT_OBJC_ISA_USAGE = YES_ERROR;
				CLANG_WARN_DOCUMENTATION_COMMENTS = YES;
				CLANG_WARN_EMPTY_BODY = YES;
				CLANG_WARN_ENUM_CONVERSION = YES;
				CLANG_WARN_INFINITE_RECURSION = YES;
				CLANG_WARN_INT_CONVERSION = YES;
				CLANG_WARN_OBJC_ROOT_CLASS = YES_ERROR;
				CLANG_WARN_SUSPICIOUS_MOVES = YES;
				CLANG_WARN_UNREACHABLE_CODE = YES;
				CLANG_WARN__DUPLICATE_METHOD_MATCH = YES;
				"CODE_SIGN_IDENTITY[sdk=iphoneos*]" = "iPhone Developer";
				COPY_PHASE_STRIP = NO;
				DEBUG_INFORMATION_FORMAT = "dwarf-with-dsym";
				ENABLE_NS_ASSERTIONS = NO;
				ENABLE_STRICT_OBJC_MSGSEND = YES;
				GCC_C_LANGUAGE_STANDARD = gnu99;
				GCC_NO_COMMON_BLOCKS = YES;
				GCC_WARN_64_TO_32_BIT_CONVERSION = YES;
				GCC_WARN_ABOUT_RETURN_TYPE = YES_ERROR;
				GCC_WARN_UNDECLARED_SELECTOR = YES;
				GCC_WARN_UNINITIALIZED_AUTOS = YES_AGGRESSIVE;
				GCC_WARN_UNUSED_FUNCTION = YES;
				GCC_WARN_UNUSED_VARIABLE = YES;
				IPHONEOS_DEPLOYMENT_TARGET = 10.1;
				MTL_ENABLE_DEBUG_INFO = NO;
				SDKROOT = iphoneos;
				SWIFT_OPTIMIZATION_LEVEL = "-Owholemodule";
				TARGETED_DEVICE_FAMILY = "1,2";
				VALIDATE_PRODUCT = YES;
			};
			name = Release;
		};
		D05A2F121DFE2EA4006B9FC3 /* Debug */ = {
			isa = XCBuildConfiguration;
			buildSettings = {
				ASSETCATALOG_COMPILER_APPICON_NAME = AppIcon;
				DEVELOPMENT_TEAM = ES62S6N6LH;
				FRAMEWORK_SEARCH_PATHS = (
					"$(inherited)",
					"$(PROJECT_DIR)",
				);
				"FRAMEWORK_SEARCH_PATHS[arch=*]" = "~/Documents/FacebookSDKs";
				INFOPLIST_FILE = OnTheMap/Info.plist;
				LD_RUNPATH_SEARCH_PATHS = "$(inherited) @executable_path/Frameworks";
				PRODUCT_BUNDLE_IDENTIFIER = MobileApps.OnTheMap;
				PRODUCT_NAME = "$(TARGET_NAME)";
				SWIFT_VERSION = 3.0;
			};
			name = Debug;
		};
		D05A2F131DFE2EA4006B9FC3 /* Release */ = {
			isa = XCBuildConfiguration;
			buildSettings = {
				ASSETCATALOG_COMPILER_APPICON_NAME = AppIcon;
				DEVELOPMENT_TEAM = ES62S6N6LH;
				FRAMEWORK_SEARCH_PATHS = (
					"$(inherited)",
					"$(PROJECT_DIR)",
				);
				"FRAMEWORK_SEARCH_PATHS[arch=*]" = "~/Documents/FacebookSDKs";
				INFOPLIST_FILE = OnTheMap/Info.plist;
				LD_RUNPATH_SEARCH_PATHS = "$(inherited) @executable_path/Frameworks";
				PRODUCT_BUNDLE_IDENTIFIER = MobileApps.OnTheMap;
				PRODUCT_NAME = "$(TARGET_NAME)";
				SWIFT_VERSION = 3.0;
			};
			name = Release;
		};
		D05A2F151DFE2EA4006B9FC3 /* Debug */ = {
			isa = XCBuildConfiguration;
			buildSettings = {
				ALWAYS_EMBED_SWIFT_STANDARD_LIBRARIES = YES;
				BUNDLE_LOADER = "$(TEST_HOST)";
				INFOPLIST_FILE = OnTheMapTests/Info.plist;
				LD_RUNPATH_SEARCH_PATHS = "$(inherited) @executable_path/Frameworks @loader_path/Frameworks";
				PRODUCT_BUNDLE_IDENTIFIER = MobileApps.OnTheMapTests;
				PRODUCT_NAME = "$(TARGET_NAME)";
				SWIFT_VERSION = 3.0;
				TEST_HOST = "$(BUILT_PRODUCTS_DIR)/OnTheMap.app/OnTheMap";
			};
			name = Debug;
		};
		D05A2F161DFE2EA4006B9FC3 /* Release */ = {
			isa = XCBuildConfiguration;
			buildSettings = {
				ALWAYS_EMBED_SWIFT_STANDARD_LIBRARIES = YES;
				BUNDLE_LOADER = "$(TEST_HOST)";
				INFOPLIST_FILE = OnTheMapTests/Info.plist;
				LD_RUNPATH_SEARCH_PATHS = "$(inherited) @executable_path/Frameworks @loader_path/Frameworks";
				PRODUCT_BUNDLE_IDENTIFIER = MobileApps.OnTheMapTests;
				PRODUCT_NAME = "$(TARGET_NAME)";
				SWIFT_VERSION = 3.0;
				TEST_HOST = "$(BUILT_PRODUCTS_DIR)/OnTheMap.app/OnTheMap";
			};
			name = Release;
		};
		D05A2F181DFE2EA4006B9FC3 /* Debug */ = {
			isa = XCBuildConfiguration;
			buildSettings = {
				ALWAYS_EMBED_SWIFT_STANDARD_LIBRARIES = YES;
				INFOPLIST_FILE = OnTheMapUITests/Info.plist;
				LD_RUNPATH_SEARCH_PATHS = "$(inherited) @executable_path/Frameworks @loader_path/Frameworks";
				PRODUCT_BUNDLE_IDENTIFIER = MobileApps.OnTheMapUITests;
				PRODUCT_NAME = "$(TARGET_NAME)";
				SWIFT_VERSION = 3.0;
				TEST_TARGET_NAME = OnTheMap;
			};
			name = Debug;
		};
		D05A2F191DFE2EA4006B9FC3 /* Release */ = {
			isa = XCBuildConfiguration;
			buildSettings = {
				ALWAYS_EMBED_SWIFT_STANDARD_LIBRARIES = YES;
				INFOPLIST_FILE = OnTheMapUITests/Info.plist;
				LD_RUNPATH_SEARCH_PATHS = "$(inherited) @executable_path/Frameworks @loader_path/Frameworks";
				PRODUCT_BUNDLE_IDENTIFIER = MobileApps.OnTheMapUITests;
				PRODUCT_NAME = "$(TARGET_NAME)";
				SWIFT_VERSION = 3.0;
				TEST_TARGET_NAME = OnTheMap;
			};
			name = Release;
		};
/* End XCBuildConfiguration section */

/* Begin XCConfigurationList section */
		D05A2EE41DFE2EA3006B9FC3 /* Build configuration list for PBXProject "OnTheMap" */ = {
			isa = XCConfigurationList;
			buildConfigurations = (
				D05A2F0F1DFE2EA4006B9FC3 /* Debug */,
				D05A2F101DFE2EA4006B9FC3 /* Release */,
			);
			defaultConfigurationIsVisible = 0;
			defaultConfigurationName = Release;
		};
		D05A2F111DFE2EA4006B9FC3 /* Build configuration list for PBXNativeTarget "OnTheMap" */ = {
			isa = XCConfigurationList;
			buildConfigurations = (
				D05A2F121DFE2EA4006B9FC3 /* Debug */,
				D05A2F131DFE2EA4006B9FC3 /* Release */,
			);
			defaultConfigurationIsVisible = 0;
			defaultConfigurationName = Release;
		};
		D05A2F141DFE2EA4006B9FC3 /* Build configuration list for PBXNativeTarget "OnTheMapTests" */ = {
			isa = XCConfigurationList;
			buildConfigurations = (
				D05A2F151DFE2EA4006B9FC3 /* Debug */,
				D05A2F161DFE2EA4006B9FC3 /* Release */,
			);
			defaultConfigurationIsVisible = 0;
			defaultConfigurationName = Release;
		};
		D05A2F171DFE2EA4006B9FC3 /* Build configuration list for PBXNativeTarget "OnTheMapUITests" */ = {
			isa = XCConfigurationList;
			buildConfigurations = (
				D05A2F181DFE2EA4006B9FC3 /* Debug */,
				D05A2F191DFE2EA4006B9FC3 /* Release */,
			);
			defaultConfigurationIsVisible = 0;
			defaultConfigurationName = Release;
		};
/* End XCConfigurationList section */
	};
	rootObject = D05A2EE11DFE2EA3006B9FC3 /* Project object */;
}
